
Microsoft Visual Studio Solution File, Format Version 12.00
# Visual Studio Version 17
VisualStudioVersion = 17.7.34018.315
MinimumVisualStudioVersion = 10.0.40219.1
Project("{FAE04EC0-301F-11D3-BF4B-00C04F79EFBC}") = "YallaKora", "YallaKora\YallaKora.csproj", "{A89EDA08-D8BE-4604-91D2-411FCA90AA49}"
EndProject
Global
	GlobalSection(SolutionConfigurationPlatforms) = preSolution
		Debug|Any CPU = Debug|Any CPU
		Release|Any CPU = Release|Any CPU
	EndGlobalSection
	GlobalSection(ProjectConfigurationPlatforms) = postSolution
		{A89EDA08-D8BE-4604-91D2-411FCA90AA49}.Debug|Any CPU.ActiveCfg = Debug|Any CPU
		{A89EDA08-D8BE-4604-91D2-411FCA90AA49}.Debug|Any CPU.Build.0 = Debug|Any CPU
		{A89EDA08-D8BE-4604-91D2-411FCA90AA49}.Release|Any CPU.ActiveCfg = Release|Any CPU
		{A89EDA08-D8BE-4604-91D2-411FCA90AA49}.Release|Any CPU.Build.0 = Release|Any CPU
	EndGlobalSection
	GlobalSection(SolutionProperties) = preSolution
		HideSolutionNode = FALSE
	EndGlobalSection
	GlobalSection(ExtensibilityGlobals) = postSolution
		SolutionGuid = {D3005E81-0BD0-41AD-A84F-8FD74871B45B}
	EndGlobalSection
EndGlobal
